lockfileVersion: '9.0'

settings:
  autoInstallPeers: true
  excludeLinksFromLockfile: false

catalogs:
  default:
    '@longlast/symbols':
      specifier: ^1.1.0
      version: 1.1.0

importers:

  .:
    devDependencies:
      '@benchristel/mdsite':
        specifier: ^0.9.0
        version: 0.9.0
      '@benchristel/taste':
        specifier: ^0.8.0
        version: 0.8.0
      '@types/benchmark':
        specifier: ^2.1.5
        version: 2.1.5
      '@types/node':
        specifier: ^24.2.1
        version: 24.2.1
      benchmark:
        specifier: ^2.1.4
        version: 2.1.4
      husky:
        specifier: ^9.1.7
        version: 9.1.7
      prettier:
        specifier: ^3.6.2
        version: 3.6.2
      tstyche:
        specifier: ^4.3.0
        version: 4.3.0(typescript@5.9.2)
      typedoc:
        specifier: ^0.28.10
        version: 0.28.10(typescript@5.9.2)
      typedoc-plugin-markdown:
        specifier: ^4.8.1
        version: 4.8.1(typedoc@0.28.10(typescript@5.9.2))
      typescript:
        specifier: ^5.9.2
        version: 5.9.2

  pkg/any-function: {}

  pkg/curry:
    dependencies:
      '@longlast/any-function':
        specifier: ^0.0.1
        version: 0.0.1
      '@longlast/function-name':
        specifier: ^0.0.1
        version: 0.0.1
      '@longlast/function-provenance':
        specifier: ^0.1.1
        version: 0.1.1
    devDependencies:
      '@types/lodash':
        specifier: ^4.17.20
        version: 4.17.20
      '@types/ramda':
        specifier: ^0.31.0
        version: 0.31.0
      lodash:
        specifier: ^4.17.21
        version: 4.17.21
      mu-lambda:
        specifier: ^0.0.3
        version: 0.0.3
      ramda:
        specifier: ^0.31.3
        version: 0.31.3

  pkg/dub: {}

  pkg/equals:
    dependencies:
      '@longlast/any-function':
        specifier: ^0.0.1
        version: 0.0.1
      '@longlast/curry':
        specifier: ^0.5.0
        version: 0.5.1
      '@longlast/function-provenance':
        specifier: ^0.0.3
        version: 0.0.3
      '@longlast/symbols':
        specifier: 'catalog:'
        version: 1.1.0
    devDependencies:
      fast-deep-equal:
        specifier: 3.1.3
        version: 3.1.3

  pkg/function-name:
    dependencies:
      '@longlast/any-function':
        specifier: ^0.0.1
        version: 0.0.1

  pkg/function-provenance:
    dependencies:
      '@longlast/any-function':
        specifier: ^0.0.1
        version: 0.0.1
      '@longlast/function-name':
        specifier: ^0.0.1
        version: 0.0.1
      '@longlast/symbols':
        specifier: 'catalog:'
        version: 1.1.0

  pkg/partial-apply:
    dependencies:
      '@longlast/function-provenance':
        specifier: ^0.1.1
        version: 0.1.1

  pkg/pipe:
    dependencies:
      '@longlast/function-provenance':
        specifier: ^0.1.1
        version: 0.1.1

  pkg/symbols: {}

packages:

  '@benchristel/mdsite@0.9.0':
    resolution: {integrity: sha512-Hvjm9giIm2XhrL1IXtLGLUi9G4qj3QuPeBQ0sOWI8f3QYAA6i1+Ihswzvc7B8Be+zaeYlk36Zu/BzFBqaTCXAg==}
    hasBin: true

  '@benchristel/taste@0.5.0':
    resolution: {integrity: sha512-xr0QL76NohYOMG94O1Tr9N4piH3SzVztznbbZyUDZRZjivcqqUqVyBuQV/KvNUUg4dbntlMEAkidMLB9whHTIg==}

  '@benchristel/taste@0.8.0':
    resolution: {integrity: sha512-6W3aYNnw1tyD8Q3Tkw0bHOWeSnSpfk/17jCKUrpT4i6JmeFYjMjoT1JcFY17+kX+TUEXTFAvHr1KpAbINx5Pmg==}

  '@gerrit0/mini-shiki@3.9.2':
    resolution: {integrity: sha512-Tvsj+AOO4Z8xLRJK900WkyfxHsZQu+Zm1//oT1w443PO6RiYMoq/4NGOhaNuZoUMYsjKIAPVQ6eOFMddj6yphQ==}

  '@longlast/any-function@0.0.1':
    resolution: {integrity: sha512-VYsFdIrZPM9QOEaEn2WAyNHu8r5N5W3AFg6xgYNtAR9xE/3FbCLRdRHO5rx4/dTs7yW5bPfPgx1JEBojHNxp6A==}

  '@longlast/curry@0.5.1':
    resolution: {integrity: sha512-ch1cMmAtnDaSqeDNQWdNAuMObumQZeF6tkoOViMZl8aLWwdevb6FeEah3keb7RN7bZTJo5Pt4rT00Y67XMiMJA==}

  '@longlast/curry@0.6.0':
    resolution: {integrity: sha512-tSwEqmGTfpL5I4BtsiA0520LJRRpAkg4sI4/HCmGIuNywYs/VS/DPm+A51moVwpCPGxfq0/ng5q+65QlmP7zIQ==}

  '@longlast/equals@0.5.8':
    resolution: {integrity: sha512-oc9nvnBJb58oM8IHgnmGdK52DUgLfKsC7mMtfyZfhw79VAeRCw3lCQ/QwXeR4o8gDup+YG/zu+lGe9Mv+4jALg==}

  '@longlast/function-name@0.0.1':
    resolution: {integrity: sha512-xH5poUuDXhrqd77RzNkSvNlAfxdAUfWWdY3OP60lOdzGA7dbuCiXW5D/kYBf7T9ychLNVVxAL7asGKohs7SltA==}

  '@longlast/function-provenance@0.0.2':
    resolution: {integrity: sha512-XdKsZbqK3VnrC7oSaFNoTxD3VN6fpJVgas80BB6SLNVHarxYBYaZ1O+hhxt5CJuIAHmD0AHds88kKMJnIEZUUw==}

  '@longlast/function-provenance@0.0.3':
    resolution: {integrity: sha512-z/NDhlb+II0GhjmWFpbpcxOy6NBQ8AegLsLqHL0Vbe6auYwkxsx5z8H2bzzRx/pgNe8MzcwS3AIFCSLjoGxqZg==}

  '@longlast/function-provenance@0.1.1':
    resolution: {integrity: sha512-taaq215qtWMH2Aqi5Awwu/RcU5kB4A4ZMqPUVPBl54Ur9YU4AMqkyJKInUUlunZcq2ZJa8fjKBRVqL7K3WeVHQ==}

  '@longlast/symbols@1.1.0':
    resolution: {integrity: sha512-P5CSQkumJ32UjMYB4wJeCzlm58+YTgF0k+Wxt37vBvmybnxrAuzQzbafOGpZoHRFUAXM45MBPg9i/ZwCVtdFLg==}

  '@shikijs/engine-oniguruma@3.9.2':
    resolution: {integrity: sha512-Vn/w5oyQ6TUgTVDIC/BrpXwIlfK6V6kGWDVVz2eRkF2v13YoENUvaNwxMsQU/t6oCuZKzqp9vqtEtEzKl9VegA==}

  '@shikijs/langs@3.9.2':
    resolution: {integrity: sha512-X1Q6wRRQXY7HqAuX3I8WjMscjeGjqXCg/Sve7J2GWFORXkSrXud23UECqTBIdCSNKJioFtmUGJQNKtlMMZMn0w==}

  '@shikijs/themes@3.9.2':
    resolution: {integrity: sha512-6z5lBPBMRfLyyEsgf6uJDHPa6NAGVzFJqH4EAZ+03+7sedYir2yJBRu2uPZOKmj43GyhVHWHvyduLDAwJQfDjA==}

  '@shikijs/types@3.9.2':
    resolution: {integrity: sha512-/M5L0Uc2ljyn2jKvj4Yiah7ow/W+DJSglVafvWAJ/b8AZDeeRAdMu3c2riDzB7N42VD+jSnWxeP9AKtd4TfYVw==}

  '@shikijs/vscode-textmate@10.0.2':
    resolution: {integrity: sha512-83yeghZ2xxin3Nj8z1NMd/NCuca+gsYXswywDy5bHvwlWL8tpTQmzGeUuHd9FC3E/SBEMvzJRwWEOz5gGes9Qg==}

  '@types/benchmark@2.1.5':
    resolution: {integrity: sha512-cKio2eFB3v7qmKcvIHLUMw/dIx/8bhWPuzpzRT4unCPRTD8VdA9Zb0afxpcxOqR4PixRS7yT42FqGS8BYL8g1w==}

  '@types/hast@3.0.4':
    resolution: {integrity: sha512-WPs+bbQw5aCj+x6laNGWLH3wviHtoCv/P3+otBhbOhJgG8qtpdAMlTCxLtsTWA7LH1Oh/bFCHsBn0TPS5m30EQ==}

  '@types/lodash@4.17.20':
    resolution: {integrity: sha512-H3MHACvFUEiujabxhaI/ImO6gUrd8oOurg7LQtS7mbwIXA/cUqWrvBsaeJ23aZEPk1TAYkurjfMbSELfoCXlGA==}

  '@types/node@24.2.1':
    resolution: {integrity: sha512-DRh5K+ka5eJic8CjH7td8QpYEV6Zo10gfRkjHCO3weqZHWDtAaSTFtl4+VMqOJ4N5jcuhZ9/l+yy8rVgw7BQeQ==}

  '@types/ramda@0.31.0':
    resolution: {integrity: sha512-1lWWZ/2YiNttGcIUxQwnvMuh55GIEbn/zlpzzEojAsbxquI/TXQZCRaXsfxG1CHjlqGoqxWePkvaM/5qYHNuvQ==}

  '@types/unist@3.0.3':
    resolution: {integrity: sha512-ko/gIFJRv177XgZsZcBwnqJN5x/Gien8qNOn0D5bQU/zAzVf9Zt3BlcUiLqhV9y4ARk0GbT3tnUiPNgnTXzc/Q==}

  '@types/yargs-parser@21.0.3':
    resolution: {integrity: sha512-I4q9QU9MQv4oEOz4tAHJtNz1cwuLxn2F3xcc2iV5WdqLPpUnj30aUuxt1mAxYTG+oe8CZMV/+6rU4S4gRDzqtQ==}

  argparse@2.0.1:
    resolution: {integrity: sha512-8+9WqebbFzpX9OR+Wa6O29asIogeRMzcGtAINdpMHHyAg10f05aSFVBbcEqGf/PXw1EjAZ+q2/bEBg3DvurK3Q==}

  balanced-match@1.0.2:
    resolution: {integrity: sha512-3oSeUO0TMV67hN1AmbXsK4yaqU7tjiHlbxRDZOpH0KW9+CeX4bRAaX0Anxt0tx2MrpRpWwQaPwIlISEJhYU5Pw==}

  benchmark@2.1.4:
    resolution: {integrity: sha512-l9MlfN4M1K/H2fbhfMy3B7vJd6AGKJVQn2h6Sg/Yx+KckoUA7ewS5Vv6TjSq18ooE1kS9hhAlQRH3AkXIh/aOQ==}

  boolbase@1.0.0:
    resolution: {integrity: sha512-JZOSA7Mo9sNGB8+UjSgzdLtokWAky1zbztM3WRLCbZ70/3cTANmQmOdR7y2g+J0e2WXywy1yS468tY+IruqEww==}

  brace-expansion@2.0.2:
    resolution: {integrity: sha512-Jt0vHyM+jmUBqojB7E1NIYadt0vI0Qxjxd2TErW94wDz+E2LAm5vKMXXwg6ZZBTHPuUlDgQHKXvjGBdfcF1ZDQ==}

  cheerio-select@2.1.0:
    resolution: {integrity: sha512-9v9kG0LvzrlcungtnJtpGNxY+fzECQKhK4EGJX2vByejiMX84MFNQw4UxPJl3bFbTMw+Dfs37XaIkCwTZfLh4g==}

  cheerio@1.0.0-rc.12:
    resolution: {integrity: sha512-VqR8m68vM46BNnuZ5NtnGBKIE/DfN0cRIzg9n40EIq9NOv90ayxLBXA8fXC5gquFRGJSTRqBq25Jt2ECLR431Q==}
    engines: {node: '>= 6'}

  css-select@5.2.2:
    resolution: {integrity: sha512-TizTzUddG/xYLA3NXodFM0fSbNizXjOKhqiQQwvhlspadZokn1KDy0NZFS0wuEubIYAV5/c1/lAr0TaaFXEXzw==}

  css-what@6.2.2:
    resolution: {integrity: sha512-u/O3vwbptzhMs3L1fQE82ZSLHQQfto5gyZzwteVIEyeaY5Fc7R4dapF/BvRoSYFeqfBk4m0V1Vafq5Pjv25wvA==}
    engines: {node: '>= 6'}

  dom-serializer@2.0.0:
    resolution: {integrity: sha512-wIkAryiqt/nV5EQKqQpo3SToSOV9J0DnbJqwK7Wv/Trc92zIAYZ4FlMu+JPFW1DfGFt81ZTCGgDEabffXeLyJg==}

  domelementtype@2.3.0:
    resolution: {integrity: sha512-OLETBj6w0OsagBwdXnPdN0cnMfF9opN69co+7ZrbfPGrdpPVNBUj02spi6B1N7wChLQiPn4CSH/zJvXw56gmHw==}

  domhandler@5.0.3:
    resolution: {integrity: sha512-cgwlv/1iFQiFnU96XXgROh8xTeetsnJiDsTc7TYCLFd9+/WNkIqPTxiM/8pSd8VIrhXGTf1Ny1q1hquVqDJB5w==}
    engines: {node: '>= 4'}

  domutils@3.2.2:
    resolution: {integrity: sha512-6kZKyUajlDuqlHKVX1w7gyslj9MPIXzIFiz/rGu35uC1wMi+kMhQwGhl4lt9unC9Vb9INnY9Z3/ZA3+FhASLaw==}

  entities@4.5.0:
    resolution: {integrity: sha512-V0hjH4dGPh9Ao5p0MoRY6BVqtwCjhz6vI5LT8AJ55H+4g9/4vbHx1I54fS0XuclLhDHArPQCiMjDxjaL8fPxhw==}
    engines: {node: '>=0.12'}

  entities@6.0.1:
    resolution: {integrity: sha512-aN97NXWF6AWBTahfVOIrB/NShkzi5H7F9r1s9mD3cDj4Ko5f2qhhVoYMibXF7GlLveb/D2ioWay8lxI97Ven3g==}
    engines: {node: '>=0.12'}

  fast-deep-equal@3.1.3:
    resolution: {integrity: sha512-f3qQ9oQy9j2AhBe/H9VC91wLmKBCCU/gDOnKNAYG5hswO7BLKj09Hc5HYNz9cGI++xlpDCIgDaitVs03ATR84Q==}

  github-slugger@2.0.0:
    resolution: {integrity: sha512-IaOQ9puYtjrkq7Y0Ygl9KDZnrf/aiUJYUpVf89y8kyaxbRG7Y1SrX/jaumrv81vc61+kiMempujsM3Yw7w5qcw==}

  highlight.js@11.11.1:
    resolution: {integrity: sha512-Xwwo44whKBVCYoliBQwaPvtd/2tYFkRQtXDWj1nackaV2JPXx3L0+Jvd8/qCJ2p+ML0/XVkJ2q+Mr+UVdpJK5w==}
    engines: {node: '>=12.0.0'}

  htmlparser2@8.0.2:
    resolution: {integrity: sha512-GYdjWKDkbRLkZ5geuHs5NY1puJ+PXwP7+fHPRz06Eirsb9ugf6d8kkXav6ADhcODhFFPMIXyxkxSuMf3D6NCFA==}

  husky@9.1.7:
    resolution: {integrity: sha512-5gs5ytaNjBrh5Ow3zrvdUUY+0VxIuWVL4i9irt6friV+BqdCfmV11CQTWMiBYWHbXhco+J1kHfTOUkePhCDvMA==}
    engines: {node: '>=18'}
    hasBin: true

  linkify-it@5.0.0:
    resolution: {integrity: sha512-5aHCbzQRADcdP+ATqnDuhhJ/MRIqDkZX5pyjFHRRysS8vZ5AbqGEoFIb6pYHPZ+L/OC2Lc+xT8uHVVR5CAK/wQ==}

  lodash@4.17.21:
    resolution: {integrity: sha512-v2kDEe57lecTulaDIuNTPy3Ry4gLGJ6Z1O3vE1krgXZNrsQ+LFTGHVxVjcXPs17LhbZVGedAJv8XZ1tvj5FvSg==}

  lunr@2.3.9:
    resolution: {integrity: sha512-zTU3DaZaF3Rt9rhN3uBMGQD3dD2/vFQqnvZCDv4dl5iOzq2IZQqTxu90r4E5J+nP70J3ilqVCrbho2eWaeW8Ow==}

  markdown-it@14.1.0:
    resolution: {integrity: sha512-a54IwgWPaeBCAAsv13YgmALOF1elABB08FxO9i+r4VFk5Vl4pKokRPeX8u5TCgSsPi6ec1otfLjdOpVcgbpshg==}
    hasBin: true

  marked-footnote@1.4.0:
    resolution: {integrity: sha512-fZTxAhI1TcLEs5UOjCfYfTHpyKGaWQevbxaGTEA68B51l7i87SctPFtHETYqPkEN0ka5opvy4Dy1l/yXVC+hmg==}
    peerDependencies:
      marked: '>=7.0.0'

  marked-gfm-heading-id@4.1.2:
    resolution: {integrity: sha512-EQ1WiEGHJh0C8viU+hbXbhHyWTDgEia2i96fiSemm2wdYER6YBw/9QI5TB6YFTqFfmMOxBFXPcPJtlgD0fVV2w==}
    peerDependencies:
      marked: '>=13 <17'

  marked-highlight@2.2.2:
    resolution: {integrity: sha512-KlHOP31DatbtPPXPaI8nx1KTrG3EW0Z5zewCwpUj65swbtKOTStteK3sNAjBqV75Pgo3fNEVNHeptg18mDuWgw==}
    peerDependencies:
      marked: '>=4 <17'

  marked@14.1.4:
    resolution: {integrity: sha512-vkVZ8ONmUdPnjCKc5uTRvmkRbx4EAi2OkTOXmfTDhZz3OFqMNBM1oTTWwTr4HY4uAEojhzPf+Fy8F1DWa3Sndg==}
    engines: {node: '>= 18'}
    hasBin: true

  mdurl@2.0.0:
    resolution: {integrity: sha512-Lf+9+2r+Tdp5wXDXC4PcIBjTDtq4UKjCPMQhKIuzpJNW0b96kVqSwW0bT7FhRSfmAiFYgP+SCRvdrDozfh0U5w==}

  minimatch@9.0.5:
    resolution: {integrity: sha512-G6T0ZX48xgozx7587koeX9Ys2NYy6Gmv//P89sEte9V9whIapMNF4idKxnW2QtCcLiTWlb/wfCabAtAFWhhBow==}
    engines: {node: '>=16 || 14 >=14.17'}

  mu-lambda@0.0.3:
    resolution: {integrity: sha512-t5mnn/RizL/UCERDxqFQyIEMhjAbq+xohNW/hZzL40NRxkhmXIlDyjK59tj41ltPgXOtpE/w1wAiqvnOhF13og==}

  nth-check@2.1.1:
    resolution: {integrity: sha512-lqjrjmaOoAnWfMmBPL+XNnynZh2+swxiX3WUE0s4yEHI6m+AwrK2UZOimIRl3X/4QctVqS8AiZjFqyOGrMXb/w==}

  parse5-htmlparser2-tree-adapter@7.1.0:
    resolution: {integrity: sha512-ruw5xyKs6lrpo9x9rCZqZZnIUntICjQAd0Wsmp396Ul9lN/h+ifgVV1x1gZHi8euej6wTfpqX8j+BFQxF0NS/g==}

  parse5@7.3.0:
    resolution: {integrity: sha512-IInvU7fabl34qmi9gY8XOVxhYyMyuH2xUNpb2q8/Y+7552KlejkRvqvD19nMoUW/uQGGbqNpA6Tufu5FL5BZgw==}

  platform@1.3.6:
    resolution: {integrity: sha512-fnWVljUchTro6RiCFvCXBbNhJc2NijN7oIQxbwsyL0buWJPG85v81ehlHI9fXrJsMNgTofEoWIQeClKpgxFLrg==}

  prettier@3.6.2:
    resolution: {integrity: sha512-I7AIg5boAr5R0FFtJ6rCfD+LFsWHp81dolrFD8S79U9tb8Az2nGrJncnMSnys+bpQJfRUzqs9hnA81OAA3hCuQ==}
    engines: {node: '>=14'}
    hasBin: true

  punycode.js@2.3.1:
    resolution: {integrity: sha512-uxFIHU0YlHYhDQtV4R9J6a52SLx28BCjT+4ieh7IGbgwVJWO+km431c4yRlREUAsAmt/uMjQUyQHNEPf0M39CA==}
    engines: {node: '>=6'}

  ramda@0.31.3:
    resolution: {integrity: sha512-xKADKRNnqmDdX59PPKLm3gGmk1ZgNnj3k7DryqWwkamp4TJ6B36DdpyKEQ0EoEYmH2R62bV4Q+S0ym2z8N2f3Q==}

  ts-toolbelt@9.6.0:
    resolution: {integrity: sha512-nsZd8ZeNUzukXPlJmTBwUAuABDe/9qtVDelJeT/qW0ow3ZS3BsQJtNkan1802aM9Uf68/Y8ljw86Hu0h5IUW3w==}

  tstyche@4.3.0:
    resolution: {integrity: sha512-X5mSVCivhCSDKHr9tWfCH0kmEo5cLApZILK5XfssTIirc9wEvcSYhCaixj5TSR/39cIC7U5TQD+wtGKsYh7nlw==}
    engines: {node: '>=20.9'}
    hasBin: true
    peerDependencies:
      typescript: '>=4.7'
    peerDependenciesMeta:
      typescript:
        optional: true

  typedoc-plugin-markdown@4.8.1:
    resolution: {integrity: sha512-ug7fc4j0SiJxSwBGLncpSo8tLvrT9VONvPUQqQDTKPxCoFQBADLli832RGPtj6sfSVJebNSrHZQRUdEryYH/7g==}
    engines: {node: '>= 18'}
    peerDependencies:
      typedoc: 0.28.x

  typedoc@0.28.10:
    resolution: {integrity: sha512-zYvpjS2bNJ30SoNYfHSRaFpBMZAsL7uwKbWwqoCNFWjcPnI3e/mPLh2SneH9mX7SJxtDpvDgvd9/iZxGbo7daw==}
    engines: {node: '>= 18', pnpm: '>= 10'}
    hasBin: true
    peerDependencies:
      typescript: 5.0.x || 5.1.x || 5.2.x || 5.3.x || 5.4.x || 5.5.x || 5.6.x || 5.7.x || 5.8.x || 5.9.x

  types-ramda@0.31.0:
    resolution: {integrity: sha512-vaoC35CRC3xvL8Z6HkshDbi6KWM1ezK0LHN0YyxXWUn9HKzBNg/T3xSGlJZjCYspnOD3jE7bcizsp0bUXZDxnQ==}

  typescript@5.9.2:
    resolution: {integrity: sha512-CWBzXQrc/qOkhidw1OzBTQuYRbfyxDXJMVJ1XNwUHGROVmuaeiEm3OslpZ1RV96d7SKKjZKrSJu3+t/xlw3R9A==}
    engines: {node: '>=14.17'}
    hasBin: true

  uc.micro@2.1.0:
    resolution: {integrity: sha512-ARDJmphmdvUk6Glw7y9DQ2bFkKBHwQHLi2lsaH6PPmz/Ka9sFOBsBluozhDltWmnv9u/cF6Rt87znRTPV+yp/A==}

  undici-types@7.10.0:
    resolution: {integrity: sha512-t5Fy/nfn+14LuOc2KNYg75vZqClpAiqscVvMygNnlsHBFpSXdJaYtXMcdNLpl/Qvc3P2cB3s6lOV51nqsFq4ag==}

  yaml@2.8.1:
    resolution: {integrity: sha512-lcYcMxX2PO9XMGvAJkJ3OsNMw+/7FKes7/hgerGUYWIoWu5j/+YQqcZr5JnPZWzOsEBgMbSbiSTn/dv/69Mkpw==}
    engines: {node: '>= 14.6'}
    hasBin: true

  yargs-parser@21.1.1:
    resolution: {integrity: sha512-tVpsJW7DdjecAiFpbIB1e3qxIQsE6NoPc5/eTdrbbIC4h0LVsWhnoa3g+m2HclBIujHzsxZ4VJVA+GUuc2/LBw==}
    engines: {node: '>=12'}

snapshots:

  '@benchristel/mdsite@0.9.0':
    dependencies:
      '@benchristel/taste': 0.5.0
      '@types/yargs-parser': 21.0.3
      cheerio: 1.0.0-rc.12
      highlight.js: 11.11.1
      marked: 14.1.4
      marked-footnote: 1.4.0(marked@14.1.4)
      marked-gfm-heading-id: 4.1.2(marked@14.1.4)
      marked-highlight: 2.2.2(marked@14.1.4)
      yargs-parser: 21.1.1

  '@benchristel/taste@0.5.0': {}

  '@benchristel/taste@0.8.0':
    dependencies:
      '@longlast/curry': 0.6.0
      '@longlast/equals': 0.5.8
      '@longlast/function-provenance': 0.0.2
      '@longlast/symbols': 1.1.0

  '@gerrit0/mini-shiki@3.9.2':
    dependencies:
      '@shikijs/engine-oniguruma': 3.9.2
      '@shikijs/langs': 3.9.2
      '@shikijs/themes': 3.9.2
      '@shikijs/types': 3.9.2
      '@shikijs/vscode-textmate': 10.0.2

  '@longlast/any-function@0.0.1': {}

  '@longlast/curry@0.5.1':
    dependencies:
      '@longlast/symbols': 1.1.0

  '@longlast/curry@0.6.0':
    dependencies:
      '@longlast/symbols': 1.1.0

  '@longlast/equals@0.5.8':
    dependencies:
      '@longlast/curry': 0.5.1
      '@longlast/symbols': 1.1.0

  '@longlast/function-name@0.0.1':
    dependencies:
      '@longlast/any-function': 0.0.1

  '@longlast/function-provenance@0.0.2':
    dependencies:
      '@longlast/symbols': 1.1.0

  '@longlast/function-provenance@0.0.3':
    dependencies:
      '@longlast/symbols': 1.1.0

  '@longlast/function-provenance@0.1.1':
    dependencies:
      '@longlast/any-function': 0.0.1
      '@longlast/symbols': 1.1.0

  '@longlast/symbols@1.1.0': {}

  '@shikijs/engine-oniguruma@3.9.2':
    dependencies:
      '@shikijs/types': 3.9.2
      '@shikijs/vscode-textmate': 10.0.2

  '@shikijs/langs@3.9.2':
    dependencies:
      '@shikijs/types': 3.9.2

  '@shikijs/themes@3.9.2':
    dependencies:
      '@shikijs/types': 3.9.2

  '@shikijs/types@3.9.2':
    dependencies:
      '@shikijs/vscode-textmate': 10.0.2
      '@types/hast': 3.0.4

  '@shikijs/vscode-textmate@10.0.2': {}

  '@types/benchmark@2.1.5': {}

  '@types/hast@3.0.4':
    dependencies:
      '@types/unist': 3.0.3

  '@types/lodash@4.17.20': {}

  '@types/node@24.2.1':
    dependencies:
      undici-types: 7.10.0

  '@types/ramda@0.31.0':
    dependencies:
      types-ramda: 0.31.0

  '@types/unist@3.0.3': {}

  '@types/yargs-parser@21.0.3': {}

  argparse@2.0.1: {}

  balanced-match@1.0.2: {}

  benchmark@2.1.4:
    dependencies:
      lodash: 4.17.21
      platform: 1.3.6

  boolbase@1.0.0: {}

  brace-expansion@2.0.2:
    dependencies:
      balanced-match: 1.0.2

  cheerio-select@2.1.0:
    dependencies:
      boolbase: 1.0.0
      css-select: 5.2.2
      css-what: 6.2.2
      domelementtype: 2.3.0
      domhandler: 5.0.3
      domutils: 3.2.2

  cheerio@1.0.0-rc.12:
    dependencies:
      cheerio-select: 2.1.0
      dom-serializer: 2.0.0
      domhandler: 5.0.3
      domutils: 3.2.2
      htmlparser2: 8.0.2
      parse5: 7.3.0
      parse5-htmlparser2-tree-adapter: 7.1.0

  css-select@5.2.2:
    dependencies:
      boolbase: 1.0.0
      css-what: 6.2.2
      domhandler: 5.0.3
      domutils: 3.2.2
      nth-check: 2.1.1

  css-what@6.2.2: {}

  dom-serializer@2.0.0:
    dependencies:
      domelementtype: 2.3.0
      domhandler: 5.0.3
      entities: 4.5.0

  domelementtype@2.3.0: {}

  domhandler@5.0.3:
    dependencies:
      domelementtype: 2.3.0

  domutils@3.2.2:
    dependencies:
      dom-serializer: 2.0.0
      domelementtype: 2.3.0
      domhandler: 5.0.3

  entities@4.5.0: {}

  entities@6.0.1: {}

  fast-deep-equal@3.1.3: {}

  github-slugger@2.0.0: {}

  highlight.js@11.11.1: {}

  htmlparser2@8.0.2:
    dependencies:
      domelementtype: 2.3.0
      domhandler: 5.0.3
      domutils: 3.2.2
      entities: 4.5.0

  husky@9.1.7: {}

  linkify-it@5.0.0:
    dependencies:
      uc.micro: 2.1.0

  lodash@4.17.21: {}

  lunr@2.3.9: {}

  markdown-it@14.1.0:
    dependencies:
      argparse: 2.0.1
      entities: 4.5.0
      linkify-it: 5.0.0
      mdurl: 2.0.0
      punycode.js: 2.3.1
      uc.micro: 2.1.0

  marked-footnote@1.4.0(marked@14.1.4):
    dependencies:
      marked: 14.1.4

  marked-gfm-heading-id@4.1.2(marked@14.1.4):
    dependencies:
      github-slugger: 2.0.0
      marked: 14.1.4

  marked-highlight@2.2.2(marked@14.1.4):
    dependencies:
      marked: 14.1.4

  marked@14.1.4: {}

  mdurl@2.0.0: {}

  minimatch@9.0.5:
    dependencies:
      brace-expansion: 2.0.2

  mu-lambda@0.0.3: {}

  nth-check@2.1.1:
    dependencies:
      boolbase: 1.0.0

  parse5-htmlparser2-tree-adapter@7.1.0:
    dependencies:
      domhandler: 5.0.3
      parse5: 7.3.0

  parse5@7.3.0:
    dependencies:
      entities: 6.0.1

  platform@1.3.6: {}

  prettier@3.6.2: {}

  punycode.js@2.3.1: {}

  ramda@0.31.3: {}

  ts-toolbelt@9.6.0: {}

  tstyche@4.3.0(typescript@5.9.2):
    optionalDependencies:
      typescript: 5.9.2

  typedoc-plugin-markdown@4.8.1(typedoc@0.28.10(typescript@5.9.2)):
    dependencies:
      typedoc: 0.28.10(typescript@5.9.2)

  typedoc@0.28.10(typescript@5.9.2):
    dependencies:
      '@gerrit0/mini-shiki': 3.9.2
      lunr: 2.3.9
      markdown-it: 14.1.0
      minimatch: 9.0.5
      typescript: 5.9.2
      yaml: 2.8.1

  types-ramda@0.31.0:
    dependencies:
      ts-toolbelt: 9.6.0

  typescript@5.9.2: {}

  uc.micro@2.1.0: {}

  undici-types@7.10.0: {}

  yaml@2.8.1: {}

  yargs-parser@21.1.1: {}
